
Microsoft Visual Studio Solution File, Format Version 12.00
# Visual Studio Version 17
VisualStudioVersion = 17.1.32328.378
MinimumVisualStudioVersion = 10.0.40219.1
Project("{FAE04EC0-301F-11D3-BF4B-00C04F79EFBC}") = "modul8_1302200016", "modul8_1302200016\modul8_1302200016.csproj", "{06DAD210-CD81-4FE4-9733-A3ED99F321B2}"
EndProject
Global
	GlobalSection(SolutionConfigurationPlatforms) = preSolution
		Debug|Any CPU = Debug|Any CPU
		Release|Any CPU = Release|Any CPU
	EndGlobalSection
	GlobalSection(ProjectConfigurationPlatforms) = postSolution
		{06DAD210-CD81-4FE4-9733-A3ED99F321B2}.Debug|Any CPU.ActiveCfg = Debug|Any CPU
		{06DAD210-CD81-4FE4-9733-A3ED99F321B2}.Debug|Any CPU.Build.0 = Debug|Any CPU
		{06DAD210-CD81-4FE4-9733-A3ED99F321B2}.Release|Any CPU.ActiveCfg = Release|Any CPU
		{06DAD210-CD81-4FE4-9733-A3ED99F321B2}.Release|Any CPU.Build.0 = Release|Any CPU
	EndGlobalSection
	GlobalSection(SolutionProperties) = preSolution
		HideSolutionNode = FALSE
	EndGlobalSection
	GlobalSection(ExtensibilityGlobals) = postSolution
		SolutionGuid = {B2A9F855-3333-466F-944C-C1E15B8247BB}
	EndGlobalSection
EndGlobal
